
Microsoft Visual Studio Solution File, Format Version 12.00
# Visual Studio Version 16
VisualStudioVersion = 16.0.31613.86
MinimumVisualStudioVersion = 10.0.40219.1
Project("{FAE04EC0-301F-11D3-BF4B-00C04F79EFBC}") = "RestaurantSystem", "RestaurantSystem\RestaurantSystem.csproj", "{F3518230-7503-4BC0-8740-AB23CF2DAB7F}"
EndProject
Project("{FAE04EC0-301F-11D3-BF4B-00C04F79EFBC}") = "Models", "Models\Models.csproj", "{B714FEA6-0B03-43A7-BD15-3482FE23E7D4}"
EndProject
Project("{FAE04EC0-301F-11D3-BF4B-00C04F79EFBC}") = "DataAccessLayer", "DataAccessLayer\DataAccessLayer.csproj", "{70507D7A-6FD9-4E8C-9AA7-A4FFE3C0AEF6}"
EndProject
Global
	GlobalSection(SolutionConfigurationPlatforms) = preSolution
		Debug|Any CPU = Debug|Any CPU
		Release|Any CPU = Release|Any CPU
	EndGlobalSection
	GlobalSection(ProjectConfigurationPlatforms) = postSolution
		{F3518230-7503-4BC0-8740-AB23CF2DAB7F}.Debug|Any CPU.ActiveCfg = Debug|Any CPU
		{F3518230-7503-4BC0-8740-AB23CF2DAB7F}.Debug|Any CPU.Build.0 = Debug|Any CPU
		{F3518230-7503-4BC0-8740-AB23CF2DAB7F}.Release|Any CPU.ActiveCfg = Release|Any CPU
		{F3518230-7503-4BC0-8740-AB23CF2DAB7F}.Release|Any CPU.Build.0 = Release|Any CPU
		{B714FEA6-0B03-43A7-BD15-3482FE23E7D4}.Debug|Any CPU.ActiveCfg = Debug|Any CPU
		{B714FEA6-0B03-43A7-BD15-3482FE23E7D4}.Debug|Any CPU.Build.0 = Debug|Any CPU
		{B714FEA6-0B03-43A7-BD15-3482FE23E7D4}.Release|Any CPU.ActiveCfg = Release|Any CPU
		{B714FEA6-0B03-43A7-BD15-3482FE23E7D4}.Release|Any CPU.Build.0 = Release|Any CPU
		{70507D7A-6FD9-4E8C-9AA7-A4FFE3C0AEF6}.Debug|Any CPU.ActiveCfg = Debug|Any CPU
		{70507D7A-6FD9-4E8C-9AA7-A4FFE3C0AEF6}.Debug|Any CPU.Build.0 = Debug|Any CPU
		{70507D7A-6FD9-4E8C-9AA7-A4FFE3C0AEF6}.Release|Any CPU.ActiveCfg = Release|Any CPU
		{70507D7A-6FD9-4E8C-9AA7-A4FFE3C0AEF6}.Release|Any CPU.Build.0 = Release|Any CPU
	EndGlobalSection
	GlobalSection(SolutionProperties) = preSolution
		HideSolutionNode = FALSE
	EndGlobalSection
	GlobalSection(ExtensibilityGlobals) = postSolution
		SolutionGuid = {503691D0-781B-47A0-B136-1DE47233CA99}
	EndGlobalSection
EndGlobal
